// !$*UTF8*$!
{
	archiveVersion = 1;
	classes = {
	};
	objectVersion = 56;
	objects = {

/* Begin PBXBuildFile section */
		3F05FB992931099C0089B09E /* FirebaseAuth in Frameworks */ = {isa = PBXBuildFile; productRef = 3F05FB982931099C0089B09E /* FirebaseAuth */; };
		3F05FB9B2931099C0089B09E /* FirebaseFirestore in Frameworks */ = {isa = PBXBuildFile; productRef = 3F05FB9A2931099C0089B09E /* FirebaseFirestore */; };
		3F05FB9D2931099C0089B09E /* FirebaseStorage in Frameworks */ = {isa = PBXBuildFile; productRef = 3F05FB9C2931099C0089B09E /* FirebaseStorage */; };
		3F0633462946EC020046D7F3 /* TaskDetailView.swift in Sources */ = {isa = PBXBuildFile; fileRef = 3F0633452946EC020046D7F3 /* TaskDetailView.swift */; };
		3F15BCC529096F2500351530 /* Thesis_ConnexApp.swift in Sources */ = {isa = PBXBuildFile; fileRef = 3F15BCC429096F2500351530 /* Thesis_ConnexApp.swift */; };
		3F15BCC729096F2500351530 /* ContentView.swift in Sources */ = {isa = PBXBuildFile; fileRef = 3F15BCC629096F2500351530 /* ContentView.swift */; };
		3F15BCC929096F2600351530 /* Assets.xcassets in Resources */ = {isa = PBXBuildFile; fileRef = 3F15BCC829096F2600351530 /* Assets.xcassets */; };
		3F15BCCC29096F2600351530 /* Preview Assets.xcassets in Resources */ = {isa = PBXBuildFile; fileRef = 3F15BCCB29096F2600351530 /* Preview Assets.xcassets */; };
		3F5EBE7C293E408B00DE05C3 /* SDWebImageSwiftUI in Frameworks */ = {isa = PBXBuildFile; productRef = 3F5EBE7B293E408B00DE05C3 /* SDWebImageSwiftUI */; };
		3F6EA25E292CE72000AE4007 /* ImagePicker.swift in Sources */ = {isa = PBXBuildFile; fileRef = 3F6EA25D292CE72000AE4007 /* ImagePicker.swift */; };
		3F7610D3293CE4ED00665A75 /* FirebaseManager.swift in Sources */ = {isa = PBXBuildFile; fileRef = 3F7610D2293CE4ED00665A75 /* FirebaseManager.swift */; };
		3F78A8502946DCDA00C6ED03 /* BoardDetailView.swift in Sources */ = {isa = PBXBuildFile; fileRef = 3F78A84F2946DCDA00C6ED03 /* BoardDetailView.swift */; };
		3F9EFB4529195E0600E8DF17 /* GoogleService-Info.plist in Resources */ = {isa = PBXBuildFile; fileRef = 3F9EFB4429195E0600E8DF17 /* GoogleService-Info.plist */; };
		3FDA08B6293F8B6F003DF219 /* ProfileUser.swift in Sources */ = {isa = PBXBuildFile; fileRef = 3FDA08B5293F8B6F003DF219 /* ProfileUser.swift */; };
		B20C90B6291A509E0037B929 /* NetworkMonitorConnex.swift in Sources */ = {isa = PBXBuildFile; fileRef = B20C90B5291A509E0037B929 /* NetworkMonitorConnex.swift */; };
		B20C90B8291A52C00037B929 /* InsideBoardView.swift in Sources */ = {isa = PBXBuildFile; fileRef = B20C90B7291A52C00037B929 /* InsideBoardView.swift */; };
		B2823C4E2912BEA1001F3BF3 /* NotificationView.swift in Sources */ = {isa = PBXBuildFile; fileRef = B2823C4D2912BEA1001F3BF3 /* NotificationView.swift */; };
		B28AF16029121A5C004BC481 /* CustomTabBar.swift in Sources */ = {isa = PBXBuildFile; fileRef = B28AF15F29121A5C004BC481 /* CustomTabBar.swift */; };
		B28AF16429122573004BC481 /* TaskView.swift in Sources */ = {isa = PBXBuildFile; fileRef = B28AF16329122573004BC481 /* TaskView.swift */; };
		B28AF16629122665004BC481 /* TabCurve.swift in Sources */ = {isa = PBXBuildFile; fileRef = B28AF16529122665004BC481 /* TabCurve.swift */; };
		B297E6FF2911514900248982 /* BoardView.swift in Sources */ = {isa = PBXBuildFile; fileRef = B297E6FE2911514900248982 /* BoardView.swift */; };
		B297E701291154F600248982 /* ProfileView.swift in Sources */ = {isa = PBXBuildFile; fileRef = B297E700291154F600248982 /* ProfileView.swift */; };
		B2C5EC662909712200672E71 /* LoginView.swift in Sources */ = {isa = PBXBuildFile; fileRef = B2C5EC652909712200672E71 /* LoginView.swift */; };
		B2C5EC682909713600672E71 /* Signup.swift in Sources */ = {isa = PBXBuildFile; fileRef = B2C5EC672909713600672E71 /* Signup.swift */; };
/* End PBXBuildFile section */

/* Begin PBXFileReference section */
		3F0633452946EC020046D7F3 /* TaskDetailView.swift */ = {isa = PBXFileReference; lastKnownFileType = sourcecode.swift; path = TaskDetailView.swift; sourceTree = "<group>"; };
		3F15BCC129096F2500351530 /* Connex.app */ = {isa = PBXFileReference; explicitFileType = wrapper.application; includeInIndex = 0; path = Connex.app; sourceTree = BUILT_PRODUCTS_DIR; };
		3F15BCC429096F2500351530 /* Thesis_ConnexApp.swift */ = {isa = PBXFileReference; lastKnownFileType = sourcecode.swift; path = Thesis_ConnexApp.swift; sourceTree = "<group>"; };
		3F15BCC629096F2500351530 /* ContentView.swift */ = {isa = PBXFileReference; lastKnownFileType = sourcecode.swift; path = ContentView.swift; sourceTree = "<group>"; };
		3F15BCC829096F2600351530 /* Assets.xcassets */ = {isa = PBXFileReference; lastKnownFileType = folder.assetcatalog; path = Assets.xcassets; sourceTree = "<group>"; };
		3F15BCCB29096F2600351530 /* Preview Assets.xcassets */ = {isa = PBXFileReference; lastKnownFileType = folder.assetcatalog; path = "Preview Assets.xcassets"; sourceTree = "<group>"; };
		3F6EA25D292CE72000AE4007 /* ImagePicker.swift */ = {isa = PBXFileReference; lastKnownFileType = sourcecode.swift; path = ImagePicker.swift; sourceTree = "<group>"; };
		3F7610D2293CE4ED00665A75 /* FirebaseManager.swift */ = {isa = PBXFileReference; lastKnownFileType = sourcecode.swift; path = FirebaseManager.swift; sourceTree = "<group>"; };
		3F78A84F2946DCDA00C6ED03 /* BoardDetailView.swift */ = {isa = PBXFileReference; lastKnownFileType = sourcecode.swift; path = BoardDetailView.swift; sourceTree = "<group>"; };
		3F9EFB4429195E0600E8DF17 /* GoogleService-Info.plist */ = {isa = PBXFileReference; fileEncoding = 4; lastKnownFileType = text.plist.xml; path = "GoogleService-Info.plist"; sourceTree = "<group>"; };
		3FDA08B5293F8B6F003DF219 /* ProfileUser.swift */ = {isa = PBXFileReference; lastKnownFileType = sourcecode.swift; path = ProfileUser.swift; sourceTree = "<group>"; };
		B20C90B5291A509E0037B929 /* NetworkMonitorConnex.swift */ = {isa = PBXFileReference; lastKnownFileType = sourcecode.swift; path = NetworkMonitorConnex.swift; sourceTree = "<group>"; };
		B20C90B7291A52C00037B929 /* InsideBoardView.swift */ = {isa = PBXFileReference; lastKnownFileType = sourcecode.swift; path = InsideBoardView.swift; sourceTree = "<group>"; };
		B2823C4D2912BEA1001F3BF3 /* NotificationView.swift */ = {isa = PBXFileReference; lastKnownFileType = sourcecode.swift; path = NotificationView.swift; sourceTree = "<group>"; };
		B28AF15F29121A5C004BC481 /* CustomTabBar.swift */ = {isa = PBXFileReference; lastKnownFileType = sourcecode.swift; path = CustomTabBar.swift; sourceTree = "<group>"; };
		B28AF16329122573004BC481 /* TaskView.swift */ = {isa = PBXFileReference; lastKnownFileType = sourcecode.swift; path = TaskView.swift; sourceTree = "<group>"; };
		B28AF16529122665004BC481 /* TabCurve.swift */ = {isa = PBXFileReference; lastKnownFileType = sourcecode.swift; path = TabCurve.swift; sourceTree = "<group>"; };
		B297E6FE2911514900248982 /* BoardView.swift */ = {isa = PBXFileReference; lastKnownFileType = sourcecode.swift; path = BoardView.swift; sourceTree = "<group>"; };
		B297E700291154F600248982 /* ProfileView.swift */ = {isa = PBXFileReference; lastKnownFileType = sourcecode.swift; path = ProfileView.swift; sourceTree = "<group>"; };
		B2C5EC652909712200672E71 /* LoginView.swift */ = {isa = PBXFileReference; lastKnownFileType = sourcecode.swift; path = LoginView.swift; sourceTree = "<group>"; };
		B2C5EC672909713600672E71 /* Signup.swift */ = {isa = PBXFileReference; lastKnownFileType = sourcecode.swift; path = Signup.swift; sourceTree = "<group>"; };
/* End PBXFileReference section */

/* Begin PBXFrameworksBuildPhase section */
		3F15BCBE29096F2500351530 /* Frameworks */ = {
			isa = PBXFrameworksBuildPhase;
			buildActionMask = 2147483647;
			files = (
				3F5EBE7C293E408B00DE05C3 /* SDWebImageSwiftUI in Frameworks */,
				3F05FB992931099C0089B09E /* FirebaseAuth in Frameworks */,
				3F05FB9B2931099C0089B09E /* FirebaseFirestore in Frameworks */,
				3F05FB9D2931099C0089B09E /* FirebaseStorage in Frameworks */,
			);
			runOnlyForDeploymentPostprocessing = 0;
		};
/* End PBXFrameworksBuildPhase section */

/* Begin PBXGroup section */
		3F15BCB829096F2500351530 = {
			isa = PBXGroup;
			children = (
				3F15BCC329096F2500351530 /* Thesis-Connex */,
				3F15BCC229096F2500351530 /* Products */,
			);
			sourceTree = "<group>";
		};
		3F15BCC229096F2500351530 /* Products */ = {
			isa = PBXGroup;
			children = (
				3F15BCC129096F2500351530 /* Connex.app */,
			);
			name = Products;
			sourceTree = "<group>";
		};
		3F15BCC329096F2500351530 /* Thesis-Connex */ = {
			isa = PBXGroup;
			children = (
				3FDA08B4293F8B4C003DF219 /* Models */,
				3F7610D1293CE4DA00665A75 /* Utils */,
				B20C90B2291A4F4A0037B929 /* Network */,
				B28AF16729124812004BC481 /* unuse */,
				B28AF16529122665004BC481 /* TabCurve.swift */,
				B2823C4D2912BEA1001F3BF3 /* NotificationView.swift */,
				B28AF16329122573004BC481 /* TaskView.swift */,
				3F15BCC429096F2500351530 /* Thesis_ConnexApp.swift */,
				3F15BCC629096F2500351530 /* ContentView.swift */,
				B297E700291154F600248982 /* ProfileView.swift */,
				B297E6FE2911514900248982 /* BoardView.swift */,
				3F0633452946EC020046D7F3 /* TaskDetailView.swift */,
				3F78A84F2946DCDA00C6ED03 /* BoardDetailView.swift */,
				B20C90B7291A52C00037B929 /* InsideBoardView.swift */,
				B2C5EC652909712200672E71 /* LoginView.swift */,
				3F6EA25D292CE72000AE4007 /* ImagePicker.swift */,
				3F9EFB4429195E0600E8DF17 /* GoogleService-Info.plist */,
				B2C5EC672909713600672E71 /* Signup.swift */,
				3F15BCC829096F2600351530 /* Assets.xcassets */,
				3F15BCCA29096F2600351530 /* Preview Content */,
			);
			path = "Thesis-Connex";
			sourceTree = "<group>";
		};
		3F15BCCA29096F2600351530 /* Preview Content */ = {
			isa = PBXGroup;
			children = (
				3F15BCCB29096F2600351530 /* Preview Assets.xcassets */,
			);
			path = "Preview Content";
			sourceTree = "<group>";
		};
		3F7610D1293CE4DA00665A75 /* Utils */ = {
			isa = PBXGroup;
			children = (
				3F7610D2293CE4ED00665A75 /* FirebaseManager.swift */,
			);
			path = Utils;
			sourceTree = "<group>";
		};
		3FDA08B4293F8B4C003DF219 /* Models */ = {
			isa = PBXGroup;
			children = (
				3FDA08B5293F8B6F003DF219 /* ProfileUser.swift */,
			);
			path = Models;
			sourceTree = "<group>";
		};
		B20C90B2291A4F4A0037B929 /* Network */ = {
			isa = PBXGroup;
			children = (
				B20C90B5291A509E0037B929 /* NetworkMonitorConnex.swift */,
			);
			path = Network;
			sourceTree = "<group>";
		};
		B28AF16729124812004BC481 /* unuse */ = {
			isa = PBXGroup;
			children = (
				B28AF15F29121A5C004BC481 /* CustomTabBar.swift */,
			);
			path = unuse;
			sourceTree = "<group>";
		};
/* End PBXGroup section */

/* Begin PBXNativeTarget section */
		3F15BCC029096F2500351530 /* Thesis-Connex */ = {
			isa = PBXNativeTarget;
			buildConfigurationList = 3F15BCCF29096F2600351530 /* Build configuration list for PBXNativeTarget "Thesis-Connex" */;
			buildPhases = (
				3F15BCBD29096F2500351530 /* Sources */,
				3F15BCBE29096F2500351530 /* Frameworks */,
				3F15BCBF29096F2500351530 /* Resources */,
			);
			buildRules = (
			);
			dependencies = (
			);
			name = "Thesis-Connex";
			packageProductDependencies = (
				3F05FB982931099C0089B09E /* FirebaseAuth */,
				3F05FB9A2931099C0089B09E /* FirebaseFirestore */,
				3F05FB9C2931099C0089B09E /* FirebaseStorage */,
				3F5EBE7B293E408B00DE05C3 /* SDWebImageSwiftUI */,
			);
			productName = "Thesis-Connex";
			productReference = 3F15BCC129096F2500351530 /* Connex.app */;
			productType = "com.apple.product-type.application";
		};
/* End PBXNativeTarget section */

/* Begin PBXProject section */
		3F15BCB929096F2500351530 /* Project object */ = {
			isa = PBXProject;
			attributes = {
				BuildIndependentTargetsInParallel = 1;
				LastSwiftUpdateCheck = 1400;
				LastUpgradeCheck = 1400;
				TargetAttributes = {
					3F15BCC029096F2500351530 = {
						CreatedOnToolsVersion = 14.0.1;
					};
				};
			};
			buildConfigurationList = 3F15BCBC29096F2500351530 /* Build configuration list for PBXProject "Thesis-Connex" */;
			compatibilityVersion = "Xcode 14.0";
			developmentRegion = en;
			hasScannedForEncodings = 0;
			knownRegions = (
				en,
				Base,
			);
			mainGroup = 3F15BCB829096F2500351530;
			packageReferences = (
				3F05FB972931099C0089B09E /* XCRemoteSwiftPackageReference "firebase-ios-sdk" */,
				3F5EBE7A293E408B00DE05C3 /* XCRemoteSwiftPackageReference "SDWebImageSwiftUI" */,
			);
			productRefGroup = 3F15BCC229096F2500351530 /* Products */;
			projectDirPath = "";
			projectRoot = "";
			targets = (
				3F15BCC029096F2500351530 /* Thesis-Connex */,
			);
		};
/* End PBXProject section */

/* Begin PBXResourcesBuildPhase section */
		3F15BCBF29096F2500351530 /* Resources */ = {
			isa = PBXResourcesBuildPhase;
			buildActionMask = 2147483647;
			files = (
				3F15BCCC29096F2600351530 /* Preview Assets.xcassets in Resources */,
				3F9EFB4529195E0600E8DF17 /* GoogleService-Info.plist in Resources */,
				3F15BCC929096F2600351530 /* Assets.xcassets in Resources */,
			);
			runOnlyForDeploymentPostprocessing = 0;
		};
/* End PBXResourcesBuildPhase section */

/* Begin PBXSourcesBuildPhase section */
		3F15BCBD29096F2500351530 /* Sources */ = {
			isa = PBXSourcesBuildPhase;
			buildActionMask = 2147483647;
			files = (
				B28AF16429122573004BC481 /* TaskView.swift in Sources */,
				B2C5EC662909712200672E71 /* LoginView.swift in Sources */,
				B2C5EC662909712200672E71 /* LoginView.swift in Sources */,
				3F6EA25E292CE72000AE4007 /* ImagePicker.swift in Sources */,
				B2823C4E2912BEA1001F3BF3 /* NotificationView.swift in Sources */,
				B2C5EC682909713600672E71 /* Signup.swift in Sources */,
				B28AF16029121A5C004BC481 /* CustomTabBar.swift in Sources */,
				B297E6FF2911514900248982 /* BoardView.swift in Sources */,
				3F0633462946EC020046D7F3 /* TaskDetailView.swift in Sources */,
				B20C90B8291A52C00037B929 /* InsideBoardView.swift in Sources */,
				3F15BCC729096F2500351530 /* ContentView.swift in Sources */,
				B297E701291154F600248982 /* ProfileView.swift in Sources */,
				B20C90B6291A509E0037B929 /* NetworkMonitorConnex.swift in Sources */,
				3F7610D3293CE4ED00665A75 /* FirebaseManager.swift in Sources */,
				3F15BCC529096F2500351530 /* Thesis_ConnexApp.swift in Sources */,
				3FDA08B6293F8B6F003DF219 /* ProfileUser.swift in Sources */,
				3F78A8502946DCDA00C6ED03 /* BoardDetailView.swift in Sources */,
				B28AF16629122665004BC481 /* TabCurve.swift in Sources */,
			);
			runOnlyForDeploymentPostprocessing = 0;
		};
/* End PBXSourcesBuildPhase section */

/* Begin XCBuildConfiguration section */
		3F15BCCD29096F2600351530 /* Debug */ = {
			isa = XCBuildConfiguration;
			buildSettings = {
				ALWAYS_SEARCH_USER_PATHS = NO;
				CLANG_ANALYZER_NONNULL = YES;
				CLANG_ANALYZER_NUMBER_OBJECT_CONVERSION = YES_AGGRESSIVE;
				CLANG_CXX_LANGUAGE_STANDARD = "gnu++20";
				CLANG_ENABLE_MODULES = YES;
				CLANG_ENABLE_OBJC_ARC = YES;
				CLANG_ENABLE_OBJC_WEAK = YES;
				CLANG_WARN_BLOCK_CAPTURE_AUTORELEASING = YES;
				CLANG_WARN_BOOL_CONVERSION = YES;
				CLANG_WARN_COMMA = YES;
				CLANG_WARN_CONSTANT_CONVERSION = YES;
				CLANG_WARN_DEPRECATED_OBJC_IMPLEMENTATIONS = YES;
				CLANG_WARN_DIRECT_OBJC_ISA_USAGE = YES_ERROR;
				CLANG_WARN_DOCUMENTATION_COMMENTS = YES;
				CLANG_WARN_EMPTY_BODY = YES;
				CLANG_WARN_ENUM_CONVERSION = YES;
				CLANG_WARN_INFINITE_RECURSION = YES;
				CLANG_WARN_INT_CONVERSION = YES;
				CLANG_WARN_NON_LITERAL_NULL_CONVERSION = YES;
				CLANG_WARN_OBJC_IMPLICIT_RETAIN_SELF = YES;
				CLANG_WARN_OBJC_LITERAL_CONVERSION = YES;
				CLANG_WARN_OBJC_ROOT_CLASS = YES_ERROR;
				CLANG_WARN_QUOTED_INCLUDE_IN_FRAMEWORK_HEADER = YES;
				CLANG_WARN_RANGE_LOOP_ANALYSIS = YES;
				CLANG_WARN_STRICT_PROTOTYPES = YES;
				CLANG_WARN_SUSPICIOUS_MOVE = YES;
				CLANG_WARN_UNGUARDED_AVAILABILITY = YES_AGGRESSIVE;
				CLANG_WARN_UNREACHABLE_CODE = YES;
				CLANG_WARN__DUPLICATE_METHOD_MATCH = YES;
				COPY_PHASE_STRIP = NO;
				DEBUG_INFORMATION_FORMAT = dwarf;
				ENABLE_STRICT_OBJC_MSGSEND = YES;
				ENABLE_TESTABILITY = YES;
				GCC_C_LANGUAGE_STANDARD = gnu11;
				GCC_DYNAMIC_NO_PIC = NO;
				GCC_NO_COMMON_BLOCKS = YES;
				GCC_OPTIMIZATION_LEVEL = 0;
				GCC_PREPROCESSOR_DEFINITIONS = (
					"DEBUG=1",
					"$(inherited)",
				);
				GCC_WARN_64_TO_32_BIT_CONVERSION = YES;
				GCC_WARN_ABOUT_RETURN_TYPE = YES_ERROR;
				GCC_WARN_UNDECLARED_SELECTOR = YES;
				GCC_WARN_UNINITIALIZED_AUTOS = YES_AGGRESSIVE;
				GCC_WARN_UNUSED_FUNCTION = YES;
				GCC_WARN_UNUSED_VARIABLE = YES;
				IPHONEOS_DEPLOYMENT_TARGET = 16.0;
				MTL_ENABLE_DEBUG_INFO = INCLUDE_SOURCE;
				MTL_FAST_MATH = YES;
				ONLY_ACTIVE_ARCH = YES;
				SDKROOT = iphoneos;
				SWIFT_ACTIVE_COMPILATION_CONDITIONS = DEBUG;
				SWIFT_OPTIMIZATION_LEVEL = "-Onone";
			};
			name = Debug;
		};
		3F15BCCE29096F2600351530 /* Release */ = {
			isa = XCBuildConfiguration;
			buildSettings = {
				ALWAYS_SEARCH_USER_PATHS = NO;
				CLANG_ANALYZER_NONNULL = YES;
				CLANG_ANALYZER_NUMBER_OBJECT_CONVERSION = YES_AGGRESSIVE;
				CLANG_CXX_LANGUAGE_STANDARD = "gnu++20";
				CLANG_ENABLE_MODULES = YES;
				CLANG_ENABLE_OBJC_ARC = YES;
				CLANG_ENABLE_OBJC_WEAK = YES;
				CLANG_WARN_BLOCK_CAPTURE_AUTORELEASING = YES;
				CLANG_WARN_BOOL_CONVERSION = YES;
				CLANG_WARN_COMMA = YES;
				CLANG_WARN_CONSTANT_CONVERSION = YES;
				CLANG_WARN_DEPRECATED_OBJC_IMPLEMENTATIONS = YES;
				CLANG_WARN_DIRECT_OBJC_ISA_USAGE = YES_ERROR;
				CLANG_WARN_DOCUMENTATION_COMMENTS = YES;
				CLANG_WARN_EMPTY_BODY = YES;
				CLANG_WARN_ENUM_CONVERSION = YES;
				CLANG_WARN_INFINITE_RECURSION = YES;
				CLANG_WARN_INT_CONVERSION = YES;
				CLANG_WARN_NON_LITERAL_NULL_CONVERSION = YES;
				CLANG_WARN_OBJC_IMPLICIT_RETAIN_SELF = YES;
				CLANG_WARN_OBJC_LITERAL_CONVERSION = YES;
				CLANG_WARN_OBJC_ROOT_CLASS = YES_ERROR;
				CLANG_WARN_QUOTED_INCLUDE_IN_FRAMEWORK_HEADER = YES;
				CLANG_WARN_RANGE_LOOP_ANALYSIS = YES;
				CLANG_WARN_STRICT_PROTOTYPES = YES;
				CLANG_WARN_SUSPICIOUS_MOVE = YES;
				CLANG_WARN_UNGUARDED_AVAILABILITY = YES_AGGRESSIVE;
				CLANG_WARN_UNREACHABLE_CODE = YES;
				CLANG_WARN__DUPLICATE_METHOD_MATCH = YES;
				COPY_PHASE_STRIP = NO;
				DEBUG_INFORMATION_FORMAT = "dwarf-with-dsym";
				ENABLE_NS_ASSERTIONS = NO;
				ENABLE_STRICT_OBJC_MSGSEND = YES;
				GCC_C_LANGUAGE_STANDARD = gnu11;
				GCC_NO_COMMON_BLOCKS = YES;
				GCC_WARN_64_TO_32_BIT_CONVERSION = YES;
				GCC_WARN_ABOUT_RETURN_TYPE = YES_ERROR;
				GCC_WARN_UNDECLARED_SELECTOR = YES;
				GCC_WARN_UNINITIALIZED_AUTOS = YES_AGGRESSIVE;
				GCC_WARN_UNUSED_FUNCTION = YES;
				GCC_WARN_UNUSED_VARIABLE = YES;
				IPHONEOS_DEPLOYMENT_TARGET = 16.0;
				MTL_ENABLE_DEBUG_INFO = NO;
				MTL_FAST_MATH = YES;
				SDKROOT = iphoneos;
				SWIFT_COMPILATION_MODE = wholemodule;
				SWIFT_OPTIMIZATION_LEVEL = "-O";
				VALIDATE_PRODUCT = YES;
			};
			name = Release;
		};
		3F15BCD029096F2600351530 /* Debug */ = {
			isa = XCBuildConfiguration;
			buildSettings = {
				ASSETCATALOG_COMPILER_APPICON_NAME = AppIcon;
				ASSETCATALOG_COMPILER_GLOBAL_ACCENT_COLOR_NAME = AccentColor;
				CODE_SIGN_STYLE = Automatic;
				CURRENT_PROJECT_VERSION = 1;
				DEVELOPMENT_ASSET_PATHS = "\"Thesis-Connex/Preview Content\"";
				DEVELOPMENT_TEAM = QUPYT94598;
				ENABLE_PREVIEWS = YES;
				GENERATE_INFOPLIST_FILE = YES;
				INFOPLIST_KEY_UIApplicationSceneManifest_Generation = YES;
				INFOPLIST_KEY_UIApplicationSupportsIndirectInputEvents = YES;
				INFOPLIST_KEY_UILaunchScreen_Generation = YES;
				INFOPLIST_KEY_UISupportedInterfaceOrientations_iPad = "UIInterfaceOrientationPortrait UIInterfaceOrientationPortraitUpsideDown UIInterfaceOrientationLandscapeLeft UIInterfaceOrientationLandscapeRight";
				INFOPLIST_KEY_UISupportedInterfaceOrientations_iPhone = "UIInterfaceOrientationPortrait UIInterfaceOrientationLandscapeLeft UIInterfaceOrientationLandscapeRight";
				LD_RUNPATH_SEARCH_PATHS = (
					"$(inherited)",
					"@executable_path/Frameworks",
				);
				MARKETING_VERSION = 1.0;
				PRODUCT_BUNDLE_IDENTIFIER = "com.sdhasjim.Thesis-Connex";
				PRODUCT_NAME = Connex;
				SWIFT_EMIT_LOC_STRINGS = YES;
				SWIFT_VERSION = 5.0;
				TARGETED_DEVICE_FAMILY = "1,2";
			};
			name = Debug;
		};
		3F15BCD129096F2600351530 /* Release */ = {
			isa = XCBuildConfiguration;
			buildSettings = {
				ASSETCATALOG_COMPILER_APPICON_NAME = AppIcon;
				ASSETCATALOG_COMPILER_GLOBAL_ACCENT_COLOR_NAME = AccentColor;
				CODE_SIGN_STYLE = Automatic;
				CURRENT_PROJECT_VERSION = 1;
				DEVELOPMENT_ASSET_PATHS = "\"Thesis-Connex/Preview Content\"";
				DEVELOPMENT_TEAM = QUPYT94598;
				ENABLE_PREVIEWS = YES;
				GENERATE_INFOPLIST_FILE = YES;
				INFOPLIST_KEY_UIApplicationSceneManifest_Generation = YES;
				INFOPLIST_KEY_UIApplicationSupportsIndirectInputEvents = YES;
				INFOPLIST_KEY_UILaunchScreen_Generation = YES;
				INFOPLIST_KEY_UISupportedInterfaceOrientations_iPad = "UIInterfaceOrientationPortrait UIInterfaceOrientationPortraitUpsideDown UIInterfaceOrientationLandscapeLeft UIInterfaceOrientationLandscapeRight";
				INFOPLIST_KEY_UISupportedInterfaceOrientations_iPhone = "UIInterfaceOrientationPortrait UIInterfaceOrientationLandscapeLeft UIInterfaceOrientationLandscapeRight";
				LD_RUNPATH_SEARCH_PATHS = (
					"$(inherited)",
					"@executable_path/Frameworks",
				);
				MARKETING_VERSION = 1.0;
				PRODUCT_BUNDLE_IDENTIFIER = "com.sdhasjim.Thesis-Connex";
				PRODUCT_NAME = Connex;
				SWIFT_EMIT_LOC_STRINGS = YES;
				SWIFT_VERSION = 5.0;
				TARGETED_DEVICE_FAMILY = "1,2";
			};
			name = Release;
		};
/* End XCBuildConfiguration section */

/* Begin XCConfigurationList section */
		3F15BCBC29096F2500351530 /* Build configuration list for PBXProject "Thesis-Connex" */ = {
			isa = XCConfigurationList;
			buildConfigurations = (
				3F15BCCD29096F2600351530 /* Debug */,
				3F15BCCE29096F2600351530 /* Release */,
			);
			defaultConfigurationIsVisible = 0;
			defaultConfigurationName = Release;
		};
		3F15BCCF29096F2600351530 /* Build configuration list for PBXNativeTarget "Thesis-Connex" */ = {
			isa = XCConfigurationList;
			buildConfigurations = (
				3F15BCD029096F2600351530 /* Debug */,
				3F15BCD129096F2600351530 /* Release */,
			);
			defaultConfigurationIsVisible = 0;
			defaultConfigurationName = Release;
		};
/* End XCConfigurationList section */

/* Begin XCRemoteSwiftPackageReference section */
		3F05FB972931099C0089B09E /* XCRemoteSwiftPackageReference "firebase-ios-sdk" */ = {
			isa = XCRemoteSwiftPackageReference;
			repositoryURL = "https://github.com/firebase/firebase-ios-sdk.git";
			requirement = {
				kind = upToNextMajorVersion;
				minimumVersion = 9.0.0;
			};
		};
		3F5EBE7A293E408B00DE05C3 /* XCRemoteSwiftPackageReference "SDWebImageSwiftUI" */ = {
			isa = XCRemoteSwiftPackageReference;
			repositoryURL = "https://github.com/SDWebImage/SDWebImageSwiftUI.git";
			requirement = {
				kind = upToNextMajorVersion;
				minimumVersion = 2.0.0;
			};
		};
/* End XCRemoteSwiftPackageReference section */

/* Begin XCSwiftPackageProductDependency section */
		3F05FB982931099C0089B09E /* FirebaseAuth */ = {
			isa = XCSwiftPackageProductDependency;
			package = 3F05FB972931099C0089B09E /* XCRemoteSwiftPackageReference "firebase-ios-sdk" */;
			productName = FirebaseAuth;
		};
		3F05FB9A2931099C0089B09E /* FirebaseFirestore */ = {
			isa = XCSwiftPackageProductDependency;
			package = 3F05FB972931099C0089B09E /* XCRemoteSwiftPackageReference "firebase-ios-sdk" */;
			productName = FirebaseFirestore;
		};
		3F05FB9C2931099C0089B09E /* FirebaseStorage */ = {
			isa = XCSwiftPackageProductDependency;
			package = 3F05FB972931099C0089B09E /* XCRemoteSwiftPackageReference "firebase-ios-sdk" */;
			productName = FirebaseStorage;
		};
		3F5EBE7B293E408B00DE05C3 /* SDWebImageSwiftUI */ = {
			isa = XCSwiftPackageProductDependency;
			package = 3F5EBE7A293E408B00DE05C3 /* XCRemoteSwiftPackageReference "SDWebImageSwiftUI" */;
			productName = SDWebImageSwiftUI;
		};
/* End XCSwiftPackageProductDependency section */
	};
	rootObject = 3F15BCB929096F2500351530 /* Project object */;
}
